
Microsoft Visual Studio Solution File, Format Version 12.00
# Visual Studio Version 17
VisualStudioVersion = 17.7.34031.279
MinimumVisualStudioVersion = 10.0.40219.1
Project("{FAE04EC0-301F-11D3-BF4B-00C04F79EFBC}") = "LBSScreen", "LBSScreen\LBSScreen.csproj", "{C487BE14-85B4-44D3-9EAD-0744DEB55E26}"
EndProject
Global
	GlobalSection(SolutionConfigurationPlatforms) = preSolution
		Debug|Any CPU = Debug|Any CPU
		Release|Any CPU = Release|Any CPU
	EndGlobalSection
	GlobalSection(ProjectConfigurationPlatforms) = postSolution
		{C487BE14-85B4-44D3-9EAD-0744DEB55E26}.Debug|Any CPU.ActiveCfg = Debug|Any CPU
		{C487BE14-85B4-44D3-9EAD-0744DEB55E26}.Debug|Any CPU.Build.0 = Debug|Any CPU
		{C487BE14-85B4-44D3-9EAD-0744DEB55E26}.Release|Any CPU.ActiveCfg = Release|Any CPU
		{C487BE14-85B4-44D3-9EAD-0744DEB55E26}.Release|Any CPU.Build.0 = Release|Any CPU
	EndGlobalSection
	GlobalSection(SolutionProperties) = preSolution
		HideSolutionNode = FALSE
	EndGlobalSection
	GlobalSection(ExtensibilityGlobals) = postSolution
		SolutionGuid = {069B6FBA-E887-4EB2-B038-2EADAE6F4111}
	EndGlobalSection
EndGlobal
